
Microsoft Visual Studio Solution File, Format Version 12.00
# Visual Studio 14
VisualStudioVersion = 14.0.25420.1
MinimumVisualStudioVersion = 10.0.40219.1
Project("{8BB2217D-0F2D-49D1-97BC-3654ED321F3B}") = "FormatFiles", "FormatFiles\FormatFiles.xproj", "{1C4F9B87-CAEB-4EA8-B225-6CE94AAA26B6}"
EndProject
Project("{FAE04EC0-301F-11D3-BF4B-00C04F79EFBC}") = "FormatFiles.Console", "FormatFIlesConsole\FormatFiles.Console.csproj", "{5707DA8E-8239-48CC-96FF-40C87052E7C7}"
EndProject
Project("{FAE04EC0-301F-11D3-BF4B-00C04F79EFBC}") = "FormatFiles.Model", "FormatFiles.Model\FormatFiles.Model.csproj", "{8883DB8C-699E-49B9-BDDE-782794809643}"
EndProject
Project("{FAE04EC0-301F-11D3-BF4B-00C04F79EFBC}") = "FormatFiles.Console.UnitTest", "FormatFiles.Console.UnitTest\FormatFiles.Console.UnitTest.csproj", "{7C3DC92F-6AB3-4468-888C-C55D4B2FFC15}"
EndProject
Project("{FAE04EC0-301F-11D3-BF4B-00C04F79EFBC}") = "FormatFiles.API.UnitTest", "FormatFiles.API.UnitTest\FormatFiles.API.UnitTest.csproj", "{8642DCA6-7E9B-4476-AE49-7F4A7B8BAFEA}"
EndProject
Global
	GlobalSection(SolutionConfigurationPlatforms) = preSolution
		Debug|Any CPU = Debug|Any CPU
		Release|Any CPU = Release|Any CPU
	EndGlobalSection
	GlobalSection(ProjectConfigurationPlatforms) = postSolution
		{1C4F9B87-CAEB-4EA8-B225-6CE94AAA26B6}.Debug|Any CPU.ActiveCfg = Debug|Any CPU
		{1C4F9B87-CAEB-4EA8-B225-6CE94AAA26B6}.Debug|Any CPU.Build.0 = Debug|Any CPU
		{1C4F9B87-CAEB-4EA8-B225-6CE94AAA26B6}.Release|Any CPU.ActiveCfg = Release|Any CPU
		{1C4F9B87-CAEB-4EA8-B225-6CE94AAA26B6}.Release|Any CPU.Build.0 = Release|Any CPU
		{5707DA8E-8239-48CC-96FF-40C87052E7C7}.Debug|Any CPU.ActiveCfg = Debug|Any CPU
		{5707DA8E-8239-48CC-96FF-40C87052E7C7}.Debug|Any CPU.Build.0 = Debug|Any CPU
		{5707DA8E-8239-48CC-96FF-40C87052E7C7}.Release|Any CPU.ActiveCfg = Release|Any CPU
		{5707DA8E-8239-48CC-96FF-40C87052E7C7}.Release|Any CPU.Build.0 = Release|Any CPU
		{8883DB8C-699E-49B9-BDDE-782794809643}.Debug|Any CPU.ActiveCfg = Debug|Any CPU
		{8883DB8C-699E-49B9-BDDE-782794809643}.Debug|Any CPU.Build.0 = Debug|Any CPU
		{8883DB8C-699E-49B9-BDDE-782794809643}.Release|Any CPU.ActiveCfg = Release|Any CPU
		{8883DB8C-699E-49B9-BDDE-782794809643}.Release|Any CPU.Build.0 = Release|Any CPU
		{7C3DC92F-6AB3-4468-888C-C55D4B2FFC15}.Debug|Any CPU.ActiveCfg = Debug|Any CPU
		{7C3DC92F-6AB3-4468-888C-C55D4B2FFC15}.Debug|Any CPU.Build.0 = Debug|Any CPU
		{7C3DC92F-6AB3-4468-888C-C55D4B2FFC15}.Release|Any CPU.ActiveCfg = Release|Any CPU
		{7C3DC92F-6AB3-4468-888C-C55D4B2FFC15}.Release|Any CPU.Build.0 = Release|Any CPU
		{8642DCA6-7E9B-4476-AE49-7F4A7B8BAFEA}.Debug|Any CPU.ActiveCfg = Debug|Any CPU
		{8642DCA6-7E9B-4476-AE49-7F4A7B8BAFEA}.Debug|Any CPU.Build.0 = Debug|Any CPU
		{8642DCA6-7E9B-4476-AE49-7F4A7B8BAFEA}.Release|Any CPU.ActiveCfg = Release|Any CPU
		{8642DCA6-7E9B-4476-AE49-7F4A7B8BAFEA}.Release|Any CPU.Build.0 = Release|Any CPU
	EndGlobalSection
	GlobalSection(SolutionProperties) = preSolution
		HideSolutionNode = FALSE
	EndGlobalSection
EndGlobal
